
Microsoft Visual Studio Solution File, Format Version 12.00
# Visual Studio Version 17
VisualStudioVersion = 17.11.35111.106
MinimumVisualStudioVersion = 10.0.40219.1
Project("{9A19103F-16F7-4668-BE54-9A1E7A4F7556}") = "ConnectFour", "ConnectFour\ConnectFour.csproj", "{0C436B41-8AF7-49D0-9EC8-8869F1F14178}"
EndProject
Project("{2150E333-8FDC-42A3-9474-1A3956D46DE8}") = "Solution Items", "Solution Items", "{57AD058D-0A76-4CC3-ACD1-6AA8E22DF7DF}"
	ProjectSection(SolutionItems) = preProject
		.editorconfig = .editorconfig
		.gitattributes = .gitattributes
		.gitignore = .gitignore
	EndProjectSection
EndProject
Global
	GlobalSection(SolutionConfigurationPlatforms) = preSolution
		Debug|Any CPU = Debug|Any CPU
		Release|Any CPU = Release|Any CPU
	EndGlobalSection
	GlobalSection(ProjectConfigurationPlatforms) = postSolution
		{0C436B41-8AF7-49D0-9EC8-8869F1F14178}.Debug|Any CPU.ActiveCfg = Debug|Any CPU
		{0C436B41-8AF7-49D0-9EC8-8869F1F14178}.Debug|Any CPU.Build.0 = Debug|Any CPU
		{0C436B41-8AF7-49D0-9EC8-8869F1F14178}.Release|Any CPU.ActiveCfg = Release|Any CPU
		{0C436B41-8AF7-49D0-9EC8-8869F1F14178}.Release|Any CPU.Build.0 = Release|Any CPU
	EndGlobalSection
	GlobalSection(SolutionProperties) = preSolution
		HideSolutionNode = FALSE
	EndGlobalSection
	GlobalSection(ExtensibilityGlobals) = postSolution
		SolutionGuid = {C2461691-40F2-42B6-911A-0840A0479F54}
	EndGlobalSection
EndGlobal
